
Microsoft Visual Studio Solution File, Format Version 12.00
# Visual Studio 15
VisualStudioVersion = 15.0.27004.2005
MinimumVisualStudioVersion = 10.0.40219.1
Project("{2150E333-8FDC-42A3-9474-1A3956D46DE8}") = "Foundation", "Foundation", "{11613C1E-E116-4F7F-A987-696FA7A8AD1F}"
EndProject
Project("{2150E333-8FDC-42A3-9474-1A3956D46DE8}") = "Feature", "Feature", "{4FF19842-3CA2-4741-A8E7-0A83C6A04F66}"
EndProject
Project("{2150E333-8FDC-42A3-9474-1A3956D46DE8}") = "Project", "Project", "{BD4F4DEC-C1FC-4A5A-88B2-032492ABF92D}"
EndProject
Project("{2150E333-8FDC-42A3-9474-1A3956D46DE8}") = "Home Gallery", "Home Gallery", "{DD1DFF3A-B452-4C33-977E-BA1A2D44DF05}"
EndProject
Project("{2150E333-8FDC-42A3-9474-1A3956D46DE8}") = "Gallery", "Gallery", "{F2958BF4-A71B-4987-9F76-16F11CAB4E33}"
EndProject
Project("{FAE04EC0-301F-11D3-BF4B-00C04F79EFBC}") = "HelixSite.Foundation.Gallery", "src\Foundation\Gallery\code\HelixSite.Foundation.Gallery.csproj", "{4F740537-5E68-4FD8-9F4C-D9035E9D85E6}"
EndProject
Project("{FAE04EC0-301F-11D3-BF4B-00C04F79EFBC}") = "HelixSite.Feature.HomeGallery", "src\Feature\Home Gallery\HomeGallery\code\HelixSite.Feature.HomeGallery.csproj", "{44AEC743-6287-45B5-BF5F-0D375B67D2B0}"
EndProject
Project("{2150E333-8FDC-42A3-9474-1A3956D46DE8}") = "ORM", "ORM", "{B1DAD868-C424-4ECB-A75D-1630B750B7C4}"
EndProject
Project("{FAE04EC0-301F-11D3-BF4B-00C04F79EFBC}") = "HelixSite.Foundation.ORM", "src\Foundation\ORM\code\HelixSite.Foundation.ORM.csproj", "{FCCB9D99-595F-40CF-84AD-C18014417C00}"
EndProject
Project("{2150E333-8FDC-42A3-9474-1A3956D46DE8}") = "DependencyInjection", "DependencyInjection", "{050F2FBC-7D60-4BA6-A193-FA6EE9C64882}"
EndProject
Project("{FAE04EC0-301F-11D3-BF4B-00C04F79EFBC}") = "HelixSite.Foundation.DependencyInjection", "src\Foundation\DependancyInjection\code\HelixSite.Foundation.DependencyInjection.csproj", "{9D1C08E0-2C20-4461-AE18-F924A9D110B6}"
EndProject
Global
	GlobalSection(SolutionConfigurationPlatforms) = preSolution
		Debug|Any CPU = Debug|Any CPU
		Release|Any CPU = Release|Any CPU
	EndGlobalSection
	GlobalSection(ProjectConfigurationPlatforms) = postSolution
		{4F740537-5E68-4FD8-9F4C-D9035E9D85E6}.Debug|Any CPU.ActiveCfg = Debug|Any CPU
		{4F740537-5E68-4FD8-9F4C-D9035E9D85E6}.Debug|Any CPU.Build.0 = Debug|Any CPU
		{4F740537-5E68-4FD8-9F4C-D9035E9D85E6}.Release|Any CPU.ActiveCfg = Release|Any CPU
		{4F740537-5E68-4FD8-9F4C-D9035E9D85E6}.Release|Any CPU.Build.0 = Release|Any CPU
		{44AEC743-6287-45B5-BF5F-0D375B67D2B0}.Debug|Any CPU.ActiveCfg = Debug|Any CPU
		{44AEC743-6287-45B5-BF5F-0D375B67D2B0}.Debug|Any CPU.Build.0 = Debug|Any CPU
		{44AEC743-6287-45B5-BF5F-0D375B67D2B0}.Release|Any CPU.ActiveCfg = Release|Any CPU
		{44AEC743-6287-45B5-BF5F-0D375B67D2B0}.Release|Any CPU.Build.0 = Release|Any CPU
		{FCCB9D99-595F-40CF-84AD-C18014417C00}.Debug|Any CPU.ActiveCfg = Debug|Any CPU
		{FCCB9D99-595F-40CF-84AD-C18014417C00}.Debug|Any CPU.Build.0 = Debug|Any CPU
		{FCCB9D99-595F-40CF-84AD-C18014417C00}.Release|Any CPU.ActiveCfg = Release|Any CPU
		{FCCB9D99-595F-40CF-84AD-C18014417C00}.Release|Any CPU.Build.0 = Release|Any CPU
		{9D1C08E0-2C20-4461-AE18-F924A9D110B6}.Debug|Any CPU.ActiveCfg = Debug|Any CPU
		{9D1C08E0-2C20-4461-AE18-F924A9D110B6}.Debug|Any CPU.Build.0 = Debug|Any CPU
		{9D1C08E0-2C20-4461-AE18-F924A9D110B6}.Release|Any CPU.ActiveCfg = Release|Any CPU
		{9D1C08E0-2C20-4461-AE18-F924A9D110B6}.Release|Any CPU.Build.0 = Release|Any CPU
	EndGlobalSection
	GlobalSection(SolutionProperties) = preSolution
		HideSolutionNode = FALSE
	EndGlobalSection
	GlobalSection(NestedProjects) = preSolution
		{DD1DFF3A-B452-4C33-977E-BA1A2D44DF05} = {4FF19842-3CA2-4741-A8E7-0A83C6A04F66}
		{F2958BF4-A71B-4987-9F76-16F11CAB4E33} = {11613C1E-E116-4F7F-A987-696FA7A8AD1F}
		{4F740537-5E68-4FD8-9F4C-D9035E9D85E6} = {F2958BF4-A71B-4987-9F76-16F11CAB4E33}
		{44AEC743-6287-45B5-BF5F-0D375B67D2B0} = {DD1DFF3A-B452-4C33-977E-BA1A2D44DF05}
		{B1DAD868-C424-4ECB-A75D-1630B750B7C4} = {11613C1E-E116-4F7F-A987-696FA7A8AD1F}
		{FCCB9D99-595F-40CF-84AD-C18014417C00} = {B1DAD868-C424-4ECB-A75D-1630B750B7C4}
		{050F2FBC-7D60-4BA6-A193-FA6EE9C64882} = {11613C1E-E116-4F7F-A987-696FA7A8AD1F}
		{9D1C08E0-2C20-4461-AE18-F924A9D110B6} = {050F2FBC-7D60-4BA6-A193-FA6EE9C64882}
	EndGlobalSection
	GlobalSection(ExtensibilityGlobals) = postSolution
		SolutionGuid = {CFF5C78D-0F9A-4E94-BE9C-220E51EBAF8E}
	EndGlobalSection
EndGlobal
